github.com/Rodoben/dog v0.0.0-20230708163034-baad5d4a7bcb h1:QTIt9B6xvJTW5hH7NE6yucVP3SXEIVr8HPFwOg+U4tQ=
github.com/Rodoben/dog v0.0.0-20230708163034-baad5d4a7bcb/go.mod h1:FG2KEBDLuMYJNyjrXRdQoSA8px/a7x3pA06HuegC7Y0=
github.com/Rodoben/puppy v1.3.0 h1:ywD0L0kBaxXWvj0M5iOvWgiCcaFRFJz44hEoQlg8KSo=
github.com/Rodoben/puppy v1.3.0/go.mod h1:amfyJFH1xJLLcwVv4XJm2wM5/nPVICfSgEg//6IRSP4=
